
Microsoft Visual Studio Solution File, Format Version 12.00
# Visual Studio 14
VisualStudioVersion = 14.0.25420.1
MinimumVisualStudioVersion = 10.0.40219.1
Project("{FAE04EC0-301F-11D3-BF4B-00C04F79EFBC}") = "TestApp", "TestApp\TestApp.csproj", "{14FB352B-AC1A-4722-AAC5-18E28A40E5C8}"
EndProject
Project("{00D1A9C2-B5F0-4AF3-8072-F6C62B433612}") = "db1", "db1\db1.sqlproj", "{2FB2A6BA-96CA-478E-98D3-7F005F9DAC8E}"
EndProject
Global
	GlobalSection(SolutionConfigurationPlatforms) = preSolution
		Debug|Any CPU = Debug|Any CPU
		Release|Any CPU = Release|Any CPU
	EndGlobalSection
	GlobalSection(ProjectConfigurationPlatforms) = postSolution
		{14FB352B-AC1A-4722-AAC5-18E28A40E5C8}.Debug|Any CPU.ActiveCfg = Debug|Any CPU
		{14FB352B-AC1A-4722-AAC5-18E28A40E5C8}.Debug|Any CPU.Build.0 = Debug|Any CPU
		{14FB352B-AC1A-4722-AAC5-18E28A40E5C8}.Release|Any CPU.ActiveCfg = Release|Any CPU
		{14FB352B-AC1A-4722-AAC5-18E28A40E5C8}.Release|Any CPU.Build.0 = Release|Any CPU
		{2FB2A6BA-96CA-478E-98D3-7F005F9DAC8E}.Debug|Any CPU.ActiveCfg = Debug|Any CPU
		{2FB2A6BA-96CA-478E-98D3-7F005F9DAC8E}.Debug|Any CPU.Build.0 = Debug|Any CPU
		{2FB2A6BA-96CA-478E-98D3-7F005F9DAC8E}.Debug|Any CPU.Deploy.0 = Debug|Any CPU
		{2FB2A6BA-96CA-478E-98D3-7F005F9DAC8E}.Release|Any CPU.ActiveCfg = Release|Any CPU
		{2FB2A6BA-96CA-478E-98D3-7F005F9DAC8E}.Release|Any CPU.Build.0 = Release|Any CPU
		{2FB2A6BA-96CA-478E-98D3-7F005F9DAC8E}.Release|Any CPU.Deploy.0 = Release|Any CPU
	EndGlobalSection
	GlobalSection(SolutionProperties) = preSolution
		HideSolutionNode = FALSE
	EndGlobalSection
EndGlobal
